
Microsoft Visual Studio Solution File, Format Version 12.00
# Visual Studio Version 17
VisualStudioVersion = 17.6.33829.357
MinimumVisualStudioVersion = 10.0.40219.1
Project("{FAE04EC0-301F-11D3-BF4B-00C04F79EFBC}") = "QuanLyCafe", "QuanLyCafe\QuanLyCafe.csproj", "{254AFB50-35E1-40AE-BF06-D5600D881DDB}"
EndProject
Project("{FAE04EC0-301F-11D3-BF4B-00C04F79EFBC}") = "QuanLy", "..\QuanLy\QuanLy\QuanLy.csproj", "{DA93E510-46CF-4DD1-9490-8C4DF95ED706}"
EndProject
Project("{FAE04EC0-301F-11D3-BF4B-00C04F79EFBC}") = "Test_Devexpress", "Test_Devexpress\Test_Devexpress.csproj", "{880FA7E4-37DF-47C9-9002-78CB0A8DC841}"
EndProject
Global
	GlobalSection(SolutionConfigurationPlatforms) = preSolution
		Debug|Any CPU = Debug|Any CPU
		Release|Any CPU = Release|Any CPU
	EndGlobalSection
	GlobalSection(ProjectConfigurationPlatforms) = postSolution
		{254AFB50-35E1-40AE-BF06-D5600D881DDB}.Debug|Any CPU.ActiveCfg = Debug|Any CPU
		{254AFB50-35E1-40AE-BF06-D5600D881DDB}.Debug|Any CPU.Build.0 = Debug|Any CPU
		{254AFB50-35E1-40AE-BF06-D5600D881DDB}.Release|Any CPU.ActiveCfg = Release|Any CPU
		{254AFB50-35E1-40AE-BF06-D5600D881DDB}.Release|Any CPU.Build.0 = Release|Any CPU
		{DA93E510-46CF-4DD1-9490-8C4DF95ED706}.Debug|Any CPU.ActiveCfg = Debug|Any CPU
		{DA93E510-46CF-4DD1-9490-8C4DF95ED706}.Debug|Any CPU.Build.0 = Debug|Any CPU
		{DA93E510-46CF-4DD1-9490-8C4DF95ED706}.Release|Any CPU.ActiveCfg = Release|Any CPU
		{DA93E510-46CF-4DD1-9490-8C4DF95ED706}.Release|Any CPU.Build.0 = Release|Any CPU
		{880FA7E4-37DF-47C9-9002-78CB0A8DC841}.Debug|Any CPU.ActiveCfg = Debug|Any CPU
		{880FA7E4-37DF-47C9-9002-78CB0A8DC841}.Debug|Any CPU.Build.0 = Debug|Any CPU
		{880FA7E4-37DF-47C9-9002-78CB0A8DC841}.Release|Any CPU.ActiveCfg = Release|Any CPU
		{880FA7E4-37DF-47C9-9002-78CB0A8DC841}.Release|Any CPU.Build.0 = Release|Any CPU
	EndGlobalSection
	GlobalSection(SolutionProperties) = preSolution
		HideSolutionNode = FALSE
	EndGlobalSection
	GlobalSection(ExtensibilityGlobals) = postSolution
		SolutionGuid = {E92FBF65-5001-447A-839E-972ACA3F7374}
	EndGlobalSection
EndGlobal
